
Microsoft Visual Studio Solution File, Format Version 12.00
# Visual Studio Version 16
VisualStudioVersion = 16.0.30907.101
MinimumVisualStudioVersion = 10.0.40219.1
Project("{FAE04EC0-301F-11D3-BF4B-00C04F79EFBC}") = "BulletinBoardAPI", "BulletinBoardAPI.csproj", "{9DC3FBE9-37A1-4F8E-B4F8-6701138D6979}"
EndProject
Global
	GlobalSection(SolutionConfigurationPlatforms) = preSolution
		Debug|Any CPU = Debug|Any CPU
		Release|Any CPU = Release|Any CPU
	EndGlobalSection
	GlobalSection(ProjectConfigurationPlatforms) = postSolution
		{9DC3FBE9-37A1-4F8E-B4F8-6701138D6979}.Debug|Any CPU.ActiveCfg = Debug|Any CPU
		{9DC3FBE9-37A1-4F8E-B4F8-6701138D6979}.Debug|Any CPU.Build.0 = Debug|Any CPU
		{9DC3FBE9-37A1-4F8E-B4F8-6701138D6979}.Release|Any CPU.ActiveCfg = Release|Any CPU
		{9DC3FBE9-37A1-4F8E-B4F8-6701138D6979}.Release|Any CPU.Build.0 = Release|Any CPU
	EndGlobalSection
	GlobalSection(SolutionProperties) = preSolution
		HideSolutionNode = FALSE
	EndGlobalSection
	GlobalSection(ExtensibilityGlobals) = postSolution
		SolutionGuid = {3AA72273-9472-455D-B232-4E52173488E5}
	EndGlobalSection
EndGlobal
