
Microsoft Visual Studio Solution File, Format Version 12.00
# Visual Studio Version 16
VisualStudioVersion = 16.0.30907.101
MinimumVisualStudioVersion = 10.0.40219.1
Project("{9A19103F-16F7-4668-BE54-9A1E7A4F7556}") = "Web", "Web\Web.csproj", "{243801A5-0D3D-41A7-8449-27B984E24F4D}"
EndProject
Project("{9A19103F-16F7-4668-BE54-9A1E7A4F7556}") = "Data", "Data\Data.csproj", "{F8E6DA43-F3DC-422B-A220-CCCBD6AF90B0}"
EndProject
Global
	GlobalSection(SolutionConfigurationPlatforms) = preSolution
		Debug|Any CPU = Debug|Any CPU
		Release|Any CPU = Release|Any CPU
	EndGlobalSection
	GlobalSection(ProjectConfigurationPlatforms) = postSolution
		{243801A5-0D3D-41A7-8449-27B984E24F4D}.Debug|Any CPU.ActiveCfg = Debug|Any CPU
		{243801A5-0D3D-41A7-8449-27B984E24F4D}.Debug|Any CPU.Build.0 = Debug|Any CPU
		{243801A5-0D3D-41A7-8449-27B984E24F4D}.Release|Any CPU.ActiveCfg = Release|Any CPU
		{243801A5-0D3D-41A7-8449-27B984E24F4D}.Release|Any CPU.Build.0 = Release|Any CPU
		{F8E6DA43-F3DC-422B-A220-CCCBD6AF90B0}.Debug|Any CPU.ActiveCfg = Debug|Any CPU
		{F8E6DA43-F3DC-422B-A220-CCCBD6AF90B0}.Debug|Any CPU.Build.0 = Debug|Any CPU
		{F8E6DA43-F3DC-422B-A220-CCCBD6AF90B0}.Release|Any CPU.ActiveCfg = Release|Any CPU
		{F8E6DA43-F3DC-422B-A220-CCCBD6AF90B0}.Release|Any CPU.Build.0 = Release|Any CPU
	EndGlobalSection
	GlobalSection(SolutionProperties) = preSolution
		HideSolutionNode = FALSE
	EndGlobalSection
	GlobalSection(ExtensibilityGlobals) = postSolution
		SolutionGuid = {3AA72273-9472-455D-B232-4E52173488E5}
	EndGlobalSection
EndGlobal
